
Microsoft Visual Studio Solution File, Format Version 12.00
# Visual Studio Version 17
VisualStudioVersion = 17.2.32516.85
MinimumVisualStudioVersion = 10.0.40219.1
Project("{FAE04EC0-301F-11D3-BF4B-00C04F79EFBC}") = "IMSS", "IMSS\IMSS.csproj", "{0F9C546C-7FB3-404E-AB4D-D8BFA6DFE92B}"
EndProject
Global
	GlobalSection(SolutionConfigurationPlatforms) = preSolution
		Debug|Any CPU = Debug|Any CPU
		Release|Any CPU = Release|Any CPU
	EndGlobalSection
	GlobalSection(ProjectConfigurationPlatforms) = postSolution
		{0F9C546C-7FB3-404E-AB4D-D8BFA6DFE92B}.Debug|Any CPU.ActiveCfg = Debug|Any CPU
		{0F9C546C-7FB3-404E-AB4D-D8BFA6DFE92B}.Debug|Any CPU.Build.0 = Debug|Any CPU
		{0F9C546C-7FB3-404E-AB4D-D8BFA6DFE92B}.Release|Any CPU.ActiveCfg = Release|Any CPU
		{0F9C546C-7FB3-404E-AB4D-D8BFA6DFE92B}.Release|Any CPU.Build.0 = Release|Any CPU
	EndGlobalSection
	GlobalSection(SolutionProperties) = preSolution
		HideSolutionNode = FALSE
	EndGlobalSection
	GlobalSection(ExtensibilityGlobals) = postSolution
		SolutionGuid = {2B57660A-1257-4F17-A2AD-8266AC5E8468}
	EndGlobalSection
EndGlobal
