
Microsoft Visual Studio Solution File, Format Version 12.00
# Visual Studio Version 17
VisualStudioVersion = 17.2.32516.85
MinimumVisualStudioVersion = 10.0.40219.1
Project("{FAE04EC0-301F-11D3-BF4B-00C04F79EFBC}") = "PuntoVenta", "PuntoVenta\PuntoVenta.csproj", "{31F858F8-3047-46AC-9B74-029EF14D8BFD}"
EndProject
Global
	GlobalSection(SolutionConfigurationPlatforms) = preSolution
		Debug|Any CPU = Debug|Any CPU
		Release|Any CPU = Release|Any CPU
	EndGlobalSection
	GlobalSection(ProjectConfigurationPlatforms) = postSolution
		{31F858F8-3047-46AC-9B74-029EF14D8BFD}.Debug|Any CPU.ActiveCfg = Debug|Any CPU
		{31F858F8-3047-46AC-9B74-029EF14D8BFD}.Debug|Any CPU.Build.0 = Debug|Any CPU
		{31F858F8-3047-46AC-9B74-029EF14D8BFD}.Release|Any CPU.ActiveCfg = Release|Any CPU
		{31F858F8-3047-46AC-9B74-029EF14D8BFD}.Release|Any CPU.Build.0 = Release|Any CPU
	EndGlobalSection
	GlobalSection(SolutionProperties) = preSolution
		HideSolutionNode = FALSE
	EndGlobalSection
	GlobalSection(ExtensibilityGlobals) = postSolution
		SolutionGuid = {ED74D612-71F7-42B8-AB39-346B7EFC4320}
	EndGlobalSection
EndGlobal
