
Microsoft Visual Studio Solution File, Format Version 12.00
# Visual Studio Version 17
VisualStudioVersion = 17.2.32516.85
MinimumVisualStudioVersion = 10.0.40219.1
Project("{FAE04EC0-301F-11D3-BF4B-00C04F79EFBC}") = "RAZOR", "RAZOR\RAZOR.csproj", "{516754C7-E0F6-49B8-917E-CC980F14980D}"
EndProject
Global
	GlobalSection(SolutionConfigurationPlatforms) = preSolution
		Debug|Any CPU = Debug|Any CPU
		Release|Any CPU = Release|Any CPU
	EndGlobalSection
	GlobalSection(ProjectConfigurationPlatforms) = postSolution
		{516754C7-E0F6-49B8-917E-CC980F14980D}.Debug|Any CPU.ActiveCfg = Debug|Any CPU
		{516754C7-E0F6-49B8-917E-CC980F14980D}.Debug|Any CPU.Build.0 = Debug|Any CPU
		{516754C7-E0F6-49B8-917E-CC980F14980D}.Release|Any CPU.ActiveCfg = Release|Any CPU
		{516754C7-E0F6-49B8-917E-CC980F14980D}.Release|Any CPU.Build.0 = Release|Any CPU
	EndGlobalSection
	GlobalSection(SolutionProperties) = preSolution
		HideSolutionNode = FALSE
	EndGlobalSection
	GlobalSection(ExtensibilityGlobals) = postSolution
		SolutionGuid = {08C84605-74FC-4938-B3DA-30CF814849D1}
	EndGlobalSection
EndGlobal
