
Microsoft Visual Studio Solution File, Format Version 12.00
# Visual Studio Version 17
VisualStudioVersion = 17.2.32516.85
MinimumVisualStudioVersion = 10.0.40219.1
Project("{FAE04EC0-301F-11D3-BF4B-00C04F79EFBC}") = "HolaMundoWebForms", "HolaMundoWebForms\HolaMundoWebForms.csproj", "{303371D2-F1B2-4082-AB9F-BA0F2EE1F2CA}"
EndProject
Global
	GlobalSection(SolutionConfigurationPlatforms) = preSolution
		Debug|Any CPU = Debug|Any CPU
		Release|Any CPU = Release|Any CPU
	EndGlobalSection
	GlobalSection(ProjectConfigurationPlatforms) = postSolution
		{303371D2-F1B2-4082-AB9F-BA0F2EE1F2CA}.Debug|Any CPU.ActiveCfg = Debug|Any CPU
		{303371D2-F1B2-4082-AB9F-BA0F2EE1F2CA}.Debug|Any CPU.Build.0 = Debug|Any CPU
		{303371D2-F1B2-4082-AB9F-BA0F2EE1F2CA}.Release|Any CPU.ActiveCfg = Release|Any CPU
		{303371D2-F1B2-4082-AB9F-BA0F2EE1F2CA}.Release|Any CPU.Build.0 = Release|Any CPU
	EndGlobalSection
	GlobalSection(SolutionProperties) = preSolution
		HideSolutionNode = FALSE
	EndGlobalSection
	GlobalSection(ExtensibilityGlobals) = postSolution
		SolutionGuid = {DEAA7938-BBB6-4FA1-AD6B-DD3F6BDD22F8}
	EndGlobalSection
EndGlobal
